
Microsoft Visual Studio Solution File, Format Version 11.00
# Visual Studio 2010
Project("{FAE04EC0-301F-11D3-BF4B-00C04F79EFBC}") = "Shooter_game", "Assembly-CSharp.csproj", "{597A2B1D-0769-7669-4C8A-4730223F0A82}"
EndProject
Project("{FAE04EC0-301F-11D3-BF4B-00C04F79EFBC}") = "Shooter_game", "Assembly-CSharp-Editor.csproj", "{0C96A400-B08C-E806-6657-8CD8389CE0B1}"
EndProject
Global
	GlobalSection(SolutionConfigurationPlatforms) = preSolution
		Debug|Any CPU = Debug|Any CPU
		Release|Any CPU = Release|Any CPU
	EndGlobalSection
	GlobalSection(ProjectConfigurationPlatforms) = postSolution
		{597A2B1D-0769-7669-4C8A-4730223F0A82}.Debug|Any CPU.ActiveCfg = Debug|Any CPU
		{597A2B1D-0769-7669-4C8A-4730223F0A82}.Debug|Any CPU.Build.0 = Debug|Any CPU
		{597A2B1D-0769-7669-4C8A-4730223F0A82}.Release|Any CPU.ActiveCfg = Release|Any CPU
		{597A2B1D-0769-7669-4C8A-4730223F0A82}.Release|Any CPU.Build.0 = Release|Any CPU
		{0C96A400-B08C-E806-6657-8CD8389CE0B1}.Debug|Any CPU.ActiveCfg = Debug|Any CPU
		{0C96A400-B08C-E806-6657-8CD8389CE0B1}.Debug|Any CPU.Build.0 = Debug|Any CPU
		{0C96A400-B08C-E806-6657-8CD8389CE0B1}.Release|Any CPU.ActiveCfg = Release|Any CPU
		{0C96A400-B08C-E806-6657-8CD8389CE0B1}.Release|Any CPU.Build.0 = Release|Any CPU
	EndGlobalSection
	GlobalSection(SolutionProperties) = preSolution
		HideSolutionNode = FALSE
	EndGlobalSection
	GlobalSection(MonoDevelopProperties) = preSolution
		StartupItem = Assembly-CSharp.csproj
	EndGlobalSection
EndGlobal
