
Microsoft Visual Studio Solution File, Format Version 11.00
# Visual Studio 2010
Project("{FAE04EC0-301F-11D3-BF4B-00C04F79EFBC}") = "Shotter_Game_VR", "Assembly-CSharp.csproj", "{C1E37CB3-152D-B95A-CDA1-F7BFF0638EFF}"
EndProject
Project("{FAE04EC0-301F-11D3-BF4B-00C04F79EFBC}") = "Shotter_Game_VR", "Assembly-CSharp-Editor.csproj", "{2CF0909F-83CB-D584-C33F-098861F10EC7}"
EndProject
Global
	GlobalSection(SolutionConfigurationPlatforms) = preSolution
		Debug|Any CPU = Debug|Any CPU
		Release|Any CPU = Release|Any CPU
	EndGlobalSection
	GlobalSection(ProjectConfigurationPlatforms) = postSolution
		{C1E37CB3-152D-B95A-CDA1-F7BFF0638EFF}.Debug|Any CPU.ActiveCfg = Debug|Any CPU
		{C1E37CB3-152D-B95A-CDA1-F7BFF0638EFF}.Debug|Any CPU.Build.0 = Debug|Any CPU
		{C1E37CB3-152D-B95A-CDA1-F7BFF0638EFF}.Release|Any CPU.ActiveCfg = Release|Any CPU
		{C1E37CB3-152D-B95A-CDA1-F7BFF0638EFF}.Release|Any CPU.Build.0 = Release|Any CPU
		{2CF0909F-83CB-D584-C33F-098861F10EC7}.Debug|Any CPU.ActiveCfg = Debug|Any CPU
		{2CF0909F-83CB-D584-C33F-098861F10EC7}.Debug|Any CPU.Build.0 = Debug|Any CPU
		{2CF0909F-83CB-D584-C33F-098861F10EC7}.Release|Any CPU.ActiveCfg = Release|Any CPU
		{2CF0909F-83CB-D584-C33F-098861F10EC7}.Release|Any CPU.Build.0 = Release|Any CPU
	EndGlobalSection
	GlobalSection(SolutionProperties) = preSolution
		HideSolutionNode = FALSE
	EndGlobalSection
	GlobalSection(MonoDevelopProperties) = preSolution
		StartupItem = Assembly-CSharp.csproj
	EndGlobalSection
EndGlobal
